// !$*UTF8*$!
{
	archiveVersion = 1;
	classes = {
	};
	objectVersion = 51;
	objects = {

/* Begin PBXBuildFile section */
		83642E474E5F39B370060E18 /* Pods_GIF.framework in Frameworks */ = {isa = PBXBuildFile; fileRef = 3817D0F2A60154FF979291DA /* Pods_GIF.framework */; };
		87408A642539C24600CC6294 /* UIImage.swift in Sources */ = {isa = PBXBuildFile; fileRef = 87408A632539C24600CC6294 /* UIImage.swift */; };
		87672C63253B4C5B00711D38 /* gifCollectionViewCell.swift in Sources */ = {isa = PBXBuildFile; fileRef = 87672C61253B4C5B00711D38 /* gifCollectionViewCell.swift */; };
		87672C64253B4C5B00711D38 /* gifCollectionViewCell.xib in Resources */ = {isa = PBXBuildFile; fileRef = 87672C62253B4C5B00711D38 /* gifCollectionViewCell.xib */; };
		87A597702536C43800568012 /* AppDelegate.swift in Sources */ = {isa = PBXBuildFile; fileRef = 87A5976F2536C43800568012 /* AppDelegate.swift */; };
		87A597792536C43A00568012 /* Assets.xcassets in Resources */ = {isa = PBXBuildFile; fileRef = 87A597782536C43A00568012 /* Assets.xcassets */; };
		87A5977C2536C43A00568012 /* LaunchScreen.storyboard in Resources */ = {isa = PBXBuildFile; fileRef = 87A5977A2536C43A00568012 /* LaunchScreen.storyboard */; };
		87A597932536C5C600568012 /* ImageGIFViewController.swift in Sources */ = {isa = PBXBuildFile; fileRef = 87A597912536C5C600568012 /* ImageGIFViewController.swift */; };
		87A597942536C5C600568012 /* ImageGIFViewController.xib in Resources */ = {isa = PBXBuildFile; fileRef = 87A597922536C5C600568012 /* ImageGIFViewController.xib */; };
/* End PBXBuildFile section */

/* Begin PBXFileReference section */
		0DBB33881448474D1EC29049 /* Pods-GIF.debug.xcconfig */ = {isa = PBXFileReference; includeInIndex = 1; lastKnownFileType = text.xcconfig; name = "Pods-GIF.debug.xcconfig"; path = "Target Support Files/Pods-GIF/Pods-GIF.debug.xcconfig"; sourceTree = "<group>"; };
		3817D0F2A60154FF979291DA /* Pods_GIF.framework */ = {isa = PBXFileReference; explicitFileType = wrapper.framework; includeInIndex = 0; path = Pods_GIF.framework; sourceTree = BUILT_PRODUCTS_DIR; };
		730DC754463178BEC51CA3FE /* Pods-GIF.release.xcconfig */ = {isa = PBXFileReference; includeInIndex = 1; lastKnownFileType = text.xcconfig; name = "Pods-GIF.release.xcconfig"; path = "Target Support Files/Pods-GIF/Pods-GIF.release.xcconfig"; sourceTree = "<group>"; };
		87408A632539C24600CC6294 /* UIImage.swift */ = {isa = PBXFileReference; fileEncoding = 4; lastKnownFileType = sourcecode.swift; name = UIImage.swift; path = ../../../../../../.Trash/UIImage.swift; sourceTree = "<group>"; };
		87672C61253B4C5B00711D38 /* gifCollectionViewCell.swift */ = {isa = PBXFileReference; lastKnownFileType = sourcecode.swift; path = gifCollectionViewCell.swift; sourceTree = "<group>"; };
		87672C62253B4C5B00711D38 /* gifCollectionViewCell.xib */ = {isa = PBXFileReference; lastKnownFileType = file.xib; path = gifCollectionViewCell.xib; sourceTree = "<group>"; };
		87A5976C2536C43800568012 /* GIF.app */ = {isa = PBXFileReference; explicitFileType = wrapper.application; includeInIndex = 0; path = GIF.app; sourceTree = BUILT_PRODUCTS_DIR; };
		87A5976F2536C43800568012 /* AppDelegate.swift */ = {isa = PBXFileReference; lastKnownFileType = sourcecode.swift; path = AppDelegate.swift; sourceTree = "<group>"; };
		87A597782536C43A00568012 /* Assets.xcassets */ = {isa = PBXFileReference; lastKnownFileType = folder.assetcatalog; path = Assets.xcassets; sourceTree = "<group>"; };
		87A5977B2536C43A00568012 /* Base */ = {isa = PBXFileReference; lastKnownFileType = file.storyboard; name = Base; path = Base.lproj/LaunchScreen.storyboard; sourceTree = "<group>"; };
		87A5977D2536C43B00568012 /* Info.plist */ = {isa = PBXFileReference; lastKnownFileType = text.plist.xml; path = Info.plist; sourceTree = "<group>"; };
		87A597912536C5C600568012 /* ImageGIFViewController.swift */ = {isa = PBXFileReference; lastKnownFileType = sourcecode.swift; path = ImageGIFViewController.swift; sourceTree = "<group>"; };
		87A597922536C5C600568012 /* ImageGIFViewController.xib */ = {isa = PBXFileReference; lastKnownFileType = file.xib; path = ImageGIFViewController.xib; sourceTree = "<group>"; };
/* End PBXFileReference section */

/* Begin PBXFrameworksBuildPhase section */
		87A597692536C43800568012 /* Frameworks */ = {
			isa = PBXFrameworksBuildPhase;
			buildActionMask = 2147483647;
			files = (
				83642E474E5F39B370060E18 /* Pods_GIF.framework in Frameworks */,
			);
			runOnlyForDeploymentPostprocessing = 0;
		};
/* End PBXFrameworksBuildPhase section */

/* Begin PBXGroup section */
		1DD86AE68257F3F5A0FC885F /* Pods */ = {
			isa = PBXGroup;
			children = (
				0DBB33881448474D1EC29049 /* Pods-GIF.debug.xcconfig */,
				730DC754463178BEC51CA3FE /* Pods-GIF.release.xcconfig */,
			);
			path = Pods;
			sourceTree = "<group>";
		};
		677BFDB793EB399A57156315 /* Frameworks */ = {
			isa = PBXGroup;
			children = (
				3817D0F2A60154FF979291DA /* Pods_GIF.framework */,
			);
			name = Frameworks;
			sourceTree = "<group>";
		};
		87A597632536C43800568012 = {
			isa = PBXGroup;
			children = (
				87A5976E2536C43800568012 /* GIF */,
				87A5976D2536C43800568012 /* Products */,
				1DD86AE68257F3F5A0FC885F /* Pods */,
				677BFDB793EB399A57156315 /* Frameworks */,
			);
			sourceTree = "<group>";
		};
		87A5976D2536C43800568012 /* Products */ = {
			isa = PBXGroup;
			children = (
				87A5976C2536C43800568012 /* GIF.app */,
			);
			name = Products;
			sourceTree = "<group>";
		};
		87A5976E2536C43800568012 /* GIF */ = {
			isa = PBXGroup;
			children = (
				87A597862536C4BD00568012 /* App */,
				87A597852536C4A600568012 /* Controller */,
				87A5978D2536C4F600568012 /* Resource */,
				87A5977D2536C43B00568012 /* Info.plist */,
			);
			path = GIF;
			sourceTree = "<group>";
		};
		87A597852536C4A600568012 /* Controller */ = {
			isa = PBXGroup;
			children = (
				87A597912536C5C600568012 /* ImageGIFViewController.swift */,
				87A597922536C5C600568012 /* ImageGIFViewController.xib */,
				87672C61253B4C5B00711D38 /* gifCollectionViewCell.swift */,
				87672C62253B4C5B00711D38 /* gifCollectionViewCell.xib */,
				87408A632539C24600CC6294 /* UIImage.swift */,
			);
			path = Controller;
			sourceTree = "<group>";
		};
		87A597862536C4BD00568012 /* App */ = {
			isa = PBXGroup;
			children = (
				87A5976F2536C43800568012 /* AppDelegate.swift */,
			);
			path = App;
			sourceTree = "<group>";
		};
		87A5978D2536C4F600568012 /* Resource */ = {
			isa = PBXGroup;
			children = (
				87A597782536C43A00568012 /* Assets.xcassets */,
				87A5977A2536C43A00568012 /* LaunchScreen.storyboard */,
			);
			path = Resource;
			sourceTree = "<group>";
		};
/* End PBXGroup section */

/* Begin PBXNativeTarget section */
		87A5976B2536C43800568012 /* GIF */ = {
			isa = PBXNativeTarget;
			buildConfigurationList = 87A597802536C43B00568012 /* Build configuration list for PBXNativeTarget "GIF" */;
			buildPhases = (
				92C38CFD7463599F7931CF98 /* [CP] Check Pods Manifest.lock */,
				87A597682536C43800568012 /* Sources */,
				87A597692536C43800568012 /* Frameworks */,
				87A5976A2536C43800568012 /* Resources */,
				C8160DFD1DC10E393547506C /* [CP] Embed Pods Frameworks */,
			);
			buildRules = (
			);
			dependencies = (
			);
			name = GIF;
			productName = GIF;
			productReference = 87A5976C2536C43800568012 /* GIF.app */;
			productType = "com.apple.product-type.application";
		};
/* End PBXNativeTarget section */

/* Begin PBXProject section */
		87A597642536C43800568012 /* Project object */ = {
			isa = PBXProject;
			attributes = {
				LastSwiftUpdateCheck = 1200;
				LastUpgradeCheck = 1200;
				TargetAttributes = {
					87A5976B2536C43800568012 = {
						CreatedOnToolsVersion = 12.0;
					};
				};
			};
			buildConfigurationList = 87A597672536C43800568012 /* Build configuration list for PBXProject "GIF" */;
			compatibilityVersion = "Xcode 9.3";
			developmentRegion = en;
			hasScannedForEncodings = 0;
			knownRegions = (
				en,
				Base,
			);
			mainGroup = 87A597632536C43800568012;
			productRefGroup = 87A5976D2536C43800568012 /* Products */;
			projectDirPath = "";
			projectRoot = "";
			targets = (
				87A5976B2536C43800568012 /* GIF */,
			);
		};
/* End PBXProject section */

/* Begin PBXResourcesBuildPhase section */
		87A5976A2536C43800568012 /* Resources */ = {
			isa = PBXResourcesBuildPhase;
			buildActionMask = 2147483647;
			files = (
				87A5977C2536C43A00568012 /* LaunchScreen.storyboard in Resources */,
				87A597942536C5C600568012 /* ImageGIFViewController.xib in Resources */,
				87A597792536C43A00568012 /* Assets.xcassets in Resources */,
				87672C64253B4C5B00711D38 /* gifCollectionViewCell.xib in Resources */,
			);
			runOnlyForDeploymentPostprocessing = 0;
		};
/* End PBXResourcesBuildPhase section */

/* Begin PBXShellScriptBuildPhase section */
		92C38CFD7463599F7931CF98 /* [CP] Check Pods Manifest.lock */ = {
			isa = PBXShellScriptBuildPhase;
			buildActionMask = 2147483647;
			files = (
			);
			inputFileListPaths = (
			);
			inputPaths = (
				"${PODS_PODFILE_DIR_PATH}/Podfile.lock",
				"${PODS_ROOT}/Manifest.lock",
			);
			name = "[CP] Check Pods Manifest.lock";
			outputFileListPaths = (
			);
			outputPaths = (
				"$(DERIVED_FILE_DIR)/Pods-GIF-checkManifestLockResult.txt",
			);
			runOnlyForDeploymentPostprocessing = 0;
			shellPath = /bin/sh;
			shellScript = "diff \"${PODS_PODFILE_DIR_PATH}/Podfile.lock\" \"${PODS_ROOT}/Manifest.lock\" > /dev/null\nif [ $? != 0 ] ; then\n    # print error to STDERR\n    echo \"error: The sandbox is not in sync with the Podfile.lock. Run 'pod install' or update your CocoaPods installation.\" >&2\n    exit 1\nfi\n# This output is used by Xcode 'outputs' to avoid re-running this script phase.\necho \"SUCCESS\" > \"${SCRIPT_OUTPUT_FILE_0}\"\n";
			showEnvVarsInLog = 0;
		};
		C8160DFD1DC10E393547506C /* [CP] Embed Pods Frameworks */ = {
			isa = PBXShellScriptBuildPhase;
			buildActionMask = 2147483647;
			files = (
			);
			inputFileListPaths = (
				"${PODS_ROOT}/Target Support Files/Pods-GIF/Pods-GIF-frameworks-${CONFIGURATION}-input-files.xcfilelist",
			);
			name = "[CP] Embed Pods Frameworks";
			outputFileListPaths = (
				"${PODS_ROOT}/Target Support Files/Pods-GIF/Pods-GIF-frameworks-${CONFIGURATION}-output-files.xcfilelist",
			);
			runOnlyForDeploymentPostprocessing = 0;
			shellPath = /bin/sh;
			shellScript = "\"${PODS_ROOT}/Target Support Files/Pods-GIF/Pods-GIF-frameworks.sh\"\n";
			showEnvVarsInLog = 0;
		};
/* End PBXShellScriptBuildPhase section */

/* Begin PBXSourcesBuildPhase section */
		87A597682536C43800568012 /* Sources */ = {
			isa = PBXSourcesBuildPhase;
			buildActionMask = 2147483647;
			files = (
				87408A642539C24600CC6294 /* UIImage.swift in Sources */,
				87A597702536C43800568012 /* AppDelegate.swift in Sources */,
				87A597932536C5C600568012 /* ImageGIFViewController.swift in Sources */,
				87672C63253B4C5B00711D38 /* gifCollectionViewCell.swift in Sources */,
			);
			runOnlyForDeploymentPostprocessing = 0;
		};
/* End PBXSourcesBuildPhase section */

/* Begin PBXVariantGroup section */
		87A5977A2536C43A00568012 /* LaunchScreen.storyboard */ = {
			isa = PBXVariantGroup;
			children = (
				87A5977B2536C43A00568012 /* Base */,
			);
			name = LaunchScreen.storyboard;
			sourceTree = "<group>";
		};
/* End PBXVariantGroup section */

/* Begin XCBuildConfiguration section */
		87A5977E2536C43B00568012 /* Debug */ = {
			isa = XCBuildConfiguration;
			buildSettings = {
				ALWAYS_SEARCH_USER_PATHS = NO;
				CLANG_ANALYZER_NONNULL = YES;
				CLANG_ANALYZER_NUMBER_OBJECT_CONVERSION = YES_AGGRESSIVE;
				CLANG_CXX_LANGUAGE_STANDARD = "gnu++14";
				CLANG_CXX_LIBRARY = "libc++";
				CLANG_ENABLE_MODULES = YES;
				CLANG_ENABLE_OBJC_ARC = YES;
				CLANG_ENABLE_OBJC_WEAK = YES;
				CLANG_WARN_BLOCK_CAPTURE_AUTORELEASING = YES;
				CLANG_WARN_BOOL_CONVERSION = YES;
				CLANG_WARN_COMMA = YES;
				CLANG_WARN_CONSTANT_CONVERSION = YES;
				CLANG_WARN_DEPRECATED_OBJC_IMPLEMENTATIONS = YES;
				CLANG_WARN_DIRECT_OBJC_ISA_USAGE = YES_ERROR;
				CLANG_WARN_DOCUMENTATION_COMMENTS = YES;
				CLANG_WARN_EMPTY_BODY = YES;
				CLANG_WARN_ENUM_CONVERSION = YES;
				CLANG_WARN_INFINITE_RECURSION = YES;
				CLANG_WARN_INT_CONVERSION = YES;
				CLANG_WARN_NON_LITERAL_NULL_CONVERSION = YES;
				CLANG_WARN_OBJC_IMPLICIT_RETAIN_SELF = YES;
				CLANG_WARN_OBJC_LITERAL_CONVERSION = YES;
				CLANG_WARN_OBJC_ROOT_CLASS = YES_ERROR;
				CLANG_WARN_QUOTED_INCLUDE_IN_FRAMEWORK_HEADER = YES;
				CLANG_WARN_RANGE_LOOP_ANALYSIS = YES;
				CLANG_WARN_STRICT_PROTOTYPES = YES;
				CLANG_WARN_SUSPICIOUS_MOVE = YES;
				CLANG_WARN_UNGUARDED_AVAILABILITY = YES_AGGRESSIVE;
				CLANG_WARN_UNREACHABLE_CODE = YES;
				CLANG_WARN__DUPLICATE_METHOD_MATCH = YES;
				COPY_PHASE_STRIP = NO;
				DEBUG_INFORMATION_FORMAT = dwarf;
				ENABLE_STRICT_OBJC_MSGSEND = YES;
				ENABLE_TESTABILITY = YES;
				GCC_C_LANGUAGE_STANDARD = gnu11;
				GCC_DYNAMIC_NO_PIC = NO;
				GCC_NO_COMMON_BLOCKS = YES;
				GCC_OPTIMIZATION_LEVEL = 0;
				GCC_PREPROCESSOR_DEFINITIONS = (
					"DEBUG=1",
					"$(inherited)",
				);
				GCC_WARN_64_TO_32_BIT_CONVERSION = YES;
				GCC_WARN_ABOUT_RETURN_TYPE = YES_ERROR;
				GCC_WARN_UNDECLARED_SELECTOR = YES;
				GCC_WARN_UNINITIALIZED_AUTOS = YES_AGGRESSIVE;
				GCC_WARN_UNUSED_FUNCTION = YES;
				GCC_WARN_UNUSED_VARIABLE = YES;
				IPHONEOS_DEPLOYMENT_TARGET = 14.0;
				MTL_ENABLE_DEBUG_INFO = INCLUDE_SOURCE;
				MTL_FAST_MATH = YES;
				ONLY_ACTIVE_ARCH = YES;
				SDKROOT = iphoneos;
				SWIFT_ACTIVE_COMPILATION_CONDITIONS = DEBUG;
				SWIFT_OPTIMIZATION_LEVEL = "-Onone";
			};
			name = Debug;
		};
		87A5977F2536C43B00568012 /* Release */ = {
			isa = XCBuildConfiguration;
			buildSettings = {
				ALWAYS_SEARCH_USER_PATHS = NO;
				CLANG_ANALYZER_NONNULL = YES;
				CLANG_ANALYZER_NUMBER_OBJECT_CONVERSION = YES_AGGRESSIVE;
				CLANG_CXX_LANGUAGE_STANDARD = "gnu++14";
				CLANG_CXX_LIBRARY = "libc++";
				CLANG_ENABLE_MODULES = YES;
				CLANG_ENABLE_OBJC_ARC = YES;
				CLANG_ENABLE_OBJC_WEAK = YES;
				CLANG_WARN_BLOCK_CAPTURE_AUTORELEASING = YES;
				CLANG_WARN_BOOL_CONVERSION = YES;
				CLANG_WARN_COMMA = YES;
				CLANG_WARN_CONSTANT_CONVERSION = YES;
				CLANG_WARN_DEPRECATED_OBJC_IMPLEMENTATIONS = YES;
				CLANG_WARN_DIRECT_OBJC_ISA_USAGE = YES_ERROR;
				CLANG_WARN_DOCUMENTATION_COMMENTS = YES;
				CLANG_WARN_EMPTY_BODY = YES;
				CLANG_WARN_ENUM_CONVERSION = YES;
				CLANG_WARN_INFINITE_RECURSION = YES;
				CLANG_WARN_INT_CONVERSION = YES;
				CLANG_WARN_NON_LITERAL_NULL_CONVERSION = YES;
				CLANG_WARN_OBJC_IMPLICIT_RETAIN_SELF = YES;
				CLANG_WARN_OBJC_LITERAL_CONVERSION = YES;
				CLANG_WARN_OBJC_ROOT_CLASS = YES_ERROR;
				CLANG_WARN_QUOTED_INCLUDE_IN_FRAMEWORK_HEADER = YES;
				CLANG_WARN_RANGE_LOOP_ANALYSIS = YES;
				CLANG_WARN_STRICT_PROTOTYPES = YES;
				CLANG_WARN_SUSPICIOUS_MOVE = YES;
				CLANG_WARN_UNGUARDED_AVAILABILITY = YES_AGGRESSIVE;
				CLANG_WARN_UNREACHABLE_CODE = YES;
				CLANG_WARN__DUPLICATE_METHOD_MATCH = YES;
				COPY_PHASE_STRIP = NO;
				DEBUG_INFORMATION_FORMAT = "dwarf-with-dsym";
				ENABLE_NS_ASSERTIONS = NO;
				ENABLE_STRICT_OBJC_MSGSEND = YES;
				GCC_C_LANGUAGE_STANDARD = gnu11;
				GCC_NO_COMMON_BLOCKS = YES;
				GCC_WARN_64_TO_32_BIT_CONVERSION = YES;
				GCC_WARN_ABOUT_RETURN_TYPE = YES_ERROR;
				GCC_WARN_UNDECLARED_SELECTOR = YES;
				GCC_WARN_UNINITIALIZED_AUTOS = YES_AGGRESSIVE;
				GCC_WARN_UNUSED_FUNCTION = YES;
				GCC_WARN_UNUSED_VARIABLE = YES;
				IPHONEOS_DEPLOYMENT_TARGET = 14.0;
				MTL_ENABLE_DEBUG_INFO = NO;
				MTL_FAST_MATH = YES;
				SDKROOT = iphoneos;
				SWIFT_COMPILATION_MODE = wholemodule;
				SWIFT_OPTIMIZATION_LEVEL = "-O";
				VALIDATE_PRODUCT = YES;
			};
			name = Release;
		};
		87A597812536C43B00568012 /* Debug */ = {
			isa = XCBuildConfiguration;
			baseConfigurationReference = 0DBB33881448474D1EC29049 /* Pods-GIF.debug.xcconfig */;
			buildSettings = {
				ASSETCATALOG_COMPILER_APPICON_NAME = AppIcon;
				ASSETCATALOG_COMPILER_GLOBAL_ACCENT_COLOR_NAME = AccentColor;
				CODE_SIGN_STYLE = Automatic;
				INFOPLIST_FILE = GIF/Info.plist;
				LD_RUNPATH_SEARCH_PATHS = (
					"$(inherited)",
					"@executable_path/Frameworks",
				);
				PRODUCT_BUNDLE_IDENTIFIER = com.codesorbit.GIF;
				PRODUCT_NAME = "$(TARGET_NAME)";
				SWIFT_VERSION = 5.0;
				TARGETED_DEVICE_FAMILY = "1,2";
			};
			name = Debug;
		};
		87A597822536C43B00568012 /* Release */ = {
			isa = XCBuildConfiguration;
			baseConfigurationReference = 730DC754463178BEC51CA3FE /* Pods-GIF.release.xcconfig */;
			buildSettings = {
				ASSETCATALOG_COMPILER_APPICON_NAME = AppIcon;
				ASSETCATALOG_COMPILER_GLOBAL_ACCENT_COLOR_NAME = AccentColor;
				CODE_SIGN_STYLE = Automatic;
				INFOPLIST_FILE = GIF/Info.plist;
				LD_RUNPATH_SEARCH_PATHS = (
					"$(inherited)",
					"@executable_path/Frameworks",
				);
				PRODUCT_BUNDLE_IDENTIFIER = com.codesorbit.GIF;
				PRODUCT_NAME = "$(TARGET_NAME)";
				SWIFT_VERSION = 5.0;
				TARGETED_DEVICE_FAMILY = "1,2";
			};
			name = Release;
		};
/* End XCBuildConfiguration section */

/* Begin XCConfigurationList section */
		87A597672536C43800568012 /* Build configuration list for PBXProject "GIF" */ = {
			isa = XCConfigurationList;
			buildConfigurations = (
				87A5977E2536C43B00568012 /* Debug */,
				87A5977F2536C43B00568012 /* Release */,
			);
			defaultConfigurationIsVisible = 0;
			defaultConfigurationName = Release;
		};
		87A597802536C43B00568012 /* Build configuration list for PBXNativeTarget "GIF" */ = {
			isa = XCConfigurationList;
			buildConfigurations = (
				87A597812536C43B00568012 /* Debug */,
				87A597822536C43B00568012 /* Release */,
			);
			defaultConfigurationIsVisible = 0;
			defaultConfigurationName = Release;
		};
/* End XCConfigurationList section */
	};
	rootObject = 87A597642536C43800568012 /* Project object */;
}
